
Microsoft Visual Studio Solution File, Format Version 12.00
# Visual Studio Version 16
VisualStudioVersion = 16.0.31702.278
MinimumVisualStudioVersion = 10.0.40219.1
Project("{FAE04EC0-301F-11D3-BF4B-00C04F79EFBC}") = "WebApiNew", "WebApiNew\WebApiNew.csproj", "{42088A98-A8B2-4E0F-8389-1B2E03F8ADC0}"
EndProject
Global
	GlobalSection(SolutionConfigurationPlatforms) = preSolution
		Debug|Any CPU = Debug|Any CPU
		Release|Any CPU = Release|Any CPU
	EndGlobalSection
	GlobalSection(ProjectConfigurationPlatforms) = postSolution
		{42088A98-A8B2-4E0F-8389-1B2E03F8ADC0}.Debug|Any CPU.ActiveCfg = Debug|Any CPU
		{42088A98-A8B2-4E0F-8389-1B2E03F8ADC0}.Debug|Any CPU.Build.0 = Debug|Any CPU
		{42088A98-A8B2-4E0F-8389-1B2E03F8ADC0}.Release|Any CPU.ActiveCfg = Release|Any CPU
		{42088A98-A8B2-4E0F-8389-1B2E03F8ADC0}.Release|Any CPU.Build.0 = Release|Any CPU
	EndGlobalSection
	GlobalSection(SolutionProperties) = preSolution
		HideSolutionNode = FALSE
	EndGlobalSection
	GlobalSection(ExtensibilityGlobals) = postSolution
		SolutionGuid = {3BBC9C17-B92C-4B21-ACE4-EA6DF27A2625}
	EndGlobalSection
EndGlobal
